
Microsoft Visual Studio Solution File, Format Version 12.00
# Visual Studio Version 17
VisualStudioVersion = 17.9.34518.117
MinimumVisualStudioVersion = 10.0.40219.1
Project("{FAE04EC0-301F-11D3-BF4B-00C04F79EFBC}") = "Trabajo de clase 09-03-2024", "Trabajo de clase 09-03-2024.csproj", "{2F620B9D-DC76-4A86-901E-149F04677124}"
EndProject
Global
	GlobalSection(SolutionConfigurationPlatforms) = preSolution
		Debug|Any CPU = Debug|Any CPU
		Release|Any CPU = Release|Any CPU
	EndGlobalSection
	GlobalSection(ProjectConfigurationPlatforms) = postSolution
		{2F620B9D-DC76-4A86-901E-149F04677124}.Debug|Any CPU.ActiveCfg = Debug|Any CPU
		{2F620B9D-DC76-4A86-901E-149F04677124}.Debug|Any CPU.Build.0 = Debug|Any CPU
		{2F620B9D-DC76-4A86-901E-149F04677124}.Release|Any CPU.ActiveCfg = Release|Any CPU
		{2F620B9D-DC76-4A86-901E-149F04677124}.Release|Any CPU.Build.0 = Release|Any CPU
	EndGlobalSection
	GlobalSection(SolutionProperties) = preSolution
		HideSolutionNode = FALSE
	EndGlobalSection
	GlobalSection(ExtensibilityGlobals) = postSolution
		SolutionGuid = {ED17438F-2EE4-45F3-940A-FAF4830D3B2B}
	EndGlobalSection
EndGlobal
